
Microsoft Visual Studio Solution File, Format Version 12.00
# Visual Studio Version 17
VisualStudioVersion = 17.9.34728.123
MinimumVisualStudioVersion = 10.0.40219.1
Project("{778DAE3C-4631-46EA-AA77-85C1314464D9}") = "Laila.Shell", "Laila.Shell\Laila.Shell.vbproj", "{EE5778C9-E04A-41C6-ABBD-35615A257A11}"
EndProject
Project("{9A19103F-16F7-4668-BE54-9A1E7A4F7556}") = "Laila.Shell.WinRT", "Laila.Shell.WinRT\Laila.Shell.WinRT.csproj", "{D0B75D20-3C7F-4221-84F7-27031028EC8F}"
EndProject
Project("{FAE04EC0-301F-11D3-BF4B-00C04F79EFBC}") = "Laila.VirtualizingWrapPanel", "Laila.VirtualizingWrapPanel\Laila.VirtualizingWrapPanel.csproj", "{FB049E24-28F2-478E-92E8-D53B180B8646}"
EndProject
Project("{F184B08F-C81C-45F6-A57F-5ABD9991F28F}") = "Laila.Shell.SampleApp1", "Laila.Shell.SampleApp1\Laila.Shell.SampleApp1.vbproj", "{4B35B1BE-4963-4033-8F02-D7DB0C91190D}"
EndProject
Project("{F184B08F-C81C-45F6-A57F-5ABD9991F28F}") = "Laila.Shell.Tests.UI", "Laila.Shell.Tests.UI\Laila.Shell.Tests.UI.vbproj", "{79EEB024-C8EB-4185-BFE7-6A9F11D867C5}"
EndProject
Project("{FAE04EC0-301F-11D3-BF4B-00C04F79EFBC}") = "Laila.Shell.WinRT.Interface", "Laila.Shell.WinRT.Interface\Laila.Shell.WinRT.Interface.csproj", "{D853CA2B-AA77-4819-AEF4-0DA324BD3A65}"
EndProject
Project("{C7167F0D-BC9F-4E6E-AFE1-012C56B48DB5}") = "Laila.Shell.SampleApp2.Package", "Laila.Shell.SampleApp2.Package\Laila.Shell.SampleApp2.Package.wapproj", "{B9888DEB-98DB-4583-8528-649F560B7692}"
EndProject
Project("{F184B08F-C81C-45F6-A57F-5ABD9991F28F}") = "Laila.Shell.SampleApp2", "Laila.Shell.SampleApp2\Laila.Shell.SampleApp2.vbproj", "{2836F335-6291-4D6C-A923-9E14EE8DF17A}"
EndProject
Project("{2150E333-8FDC-42A3-9474-1A3956D46DE8}") = "Solution files", "Solution files", "{9208803F-FB3C-4F35-930C-E5BA0F26D8D8}"
	ProjectSection(SolutionItems) = preProject
		.gitignore = .gitignore
		.github\workflows\build.yaml = .github\workflows\build.yaml
		README.md = README.md
		screenshot.png = screenshot.png
	EndProjectSection
EndProject
Global
	GlobalSection(SolutionConfigurationPlatforms) = preSolution
		CodeAnalysisDebug|Any CPU = CodeAnalysisDebug|Any CPU
		CodeAnalysisDebug|ARM = CodeAnalysisDebug|ARM
		CodeAnalysisDebug|ARM64 = CodeAnalysisDebug|ARM64
		CodeAnalysisDebug|x64 = CodeAnalysisDebug|x64
		CodeAnalysisDebug|x86 = CodeAnalysisDebug|x86
		Debug|Any CPU = Debug|Any CPU
		Debug|ARM = Debug|ARM
		Debug|ARM64 = Debug|ARM64
		Debug|x64 = Debug|x64
		Debug|x86 = Debug|x86
		Release|Any CPU = Release|Any CPU
		Release|ARM = Release|ARM
		Release|ARM64 = Release|ARM64
		Release|x64 = Release|x64
		Release|x86 = Release|x86
	EndGlobalSection
	GlobalSection(ProjectConfigurationPlatforms) = postSolution
		{EE5778C9-E04A-41C6-ABBD-35615A257A11}.CodeAnalysisDebug|Any CPU.ActiveCfg = Debug|x64
		{EE5778C9-E04A-41C6-ABBD-35615A257A11}.CodeAnalysisDebug|Any CPU.Build.0 = Debug|x64
		{EE5778C9-E04A-41C6-ABBD-35615A257A11}.CodeAnalysisDebug|ARM.ActiveCfg = Debug|x64
		{EE5778C9-E04A-41C6-ABBD-35615A257A11}.CodeAnalysisDebug|ARM.Build.0 = Debug|x64
		{EE5778C9-E04A-41C6-ABBD-35615A257A11}.CodeAnalysisDebug|ARM64.ActiveCfg = Debug|x64
		{EE5778C9-E04A-41C6-ABBD-35615A257A11}.CodeAnalysisDebug|ARM64.Build.0 = Debug|x64
		{EE5778C9-E04A-41C6-ABBD-35615A257A11}.CodeAnalysisDebug|x64.ActiveCfg = Debug|x64
		{EE5778C9-E04A-41C6-ABBD-35615A257A11}.CodeAnalysisDebug|x64.Build.0 = Debug|x64
		{EE5778C9-E04A-41C6-ABBD-35615A257A11}.CodeAnalysisDebug|x86.ActiveCfg = Debug|x86
		{EE5778C9-E04A-41C6-ABBD-35615A257A11}.CodeAnalysisDebug|x86.Build.0 = Debug|x86
		{EE5778C9-E04A-41C6-ABBD-35615A257A11}.Debug|Any CPU.ActiveCfg = Debug|x64
		{EE5778C9-E04A-41C6-ABBD-35615A257A11}.Debug|Any CPU.Build.0 = Debug|x64
		{EE5778C9-E04A-41C6-ABBD-35615A257A11}.Debug|ARM.ActiveCfg = Debug|x64
		{EE5778C9-E04A-41C6-ABBD-35615A257A11}.Debug|ARM.Build.0 = Debug|x64
		{EE5778C9-E04A-41C6-ABBD-35615A257A11}.Debug|ARM64.ActiveCfg = Debug|x64
		{EE5778C9-E04A-41C6-ABBD-35615A257A11}.Debug|ARM64.Build.0 = Debug|x64
		{EE5778C9-E04A-41C6-ABBD-35615A257A11}.Debug|x64.ActiveCfg = Debug|x64
		{EE5778C9-E04A-41C6-ABBD-35615A257A11}.Debug|x64.Build.0 = Debug|x64
		{EE5778C9-E04A-41C6-ABBD-35615A257A11}.Debug|x86.ActiveCfg = Debug|x86
		{EE5778C9-E04A-41C6-ABBD-35615A257A11}.Debug|x86.Build.0 = Debug|x86
		{EE5778C9-E04A-41C6-ABBD-35615A257A11}.Release|Any CPU.ActiveCfg = Release|x64
		{EE5778C9-E04A-41C6-ABBD-35615A257A11}.Release|Any CPU.Build.0 = Release|x64
		{EE5778C9-E04A-41C6-ABBD-35615A257A11}.Release|ARM.ActiveCfg = Release|x64
		{EE5778C9-E04A-41C6-ABBD-35615A257A11}.Release|ARM.Build.0 = Release|x64
		{EE5778C9-E04A-41C6-ABBD-35615A257A11}.Release|ARM64.ActiveCfg = Release|x64
		{EE5778C9-E04A-41C6-ABBD-35615A257A11}.Release|ARM64.Build.0 = Release|x64
		{EE5778C9-E04A-41C6-ABBD-35615A257A11}.Release|x64.ActiveCfg = Release|x64
		{EE5778C9-E04A-41C6-ABBD-35615A257A11}.Release|x64.Build.0 = Release|x64
		{EE5778C9-E04A-41C6-ABBD-35615A257A11}.Release|x86.ActiveCfg = Release|x86
		{EE5778C9-E04A-41C6-ABBD-35615A257A11}.Release|x86.Build.0 = Release|x86
		{D0B75D20-3C7F-4221-84F7-27031028EC8F}.CodeAnalysisDebug|Any CPU.ActiveCfg = Debug|x64
		{D0B75D20-3C7F-4221-84F7-27031028EC8F}.CodeAnalysisDebug|ARM.ActiveCfg = Debug|x64
		{D0B75D20-3C7F-4221-84F7-27031028EC8F}.CodeAnalysisDebug|ARM.Build.0 = Debug|x64
		{D0B75D20-3C7F-4221-84F7-27031028EC8F}.CodeAnalysisDebug|ARM64.ActiveCfg = Debug|x64
		{D0B75D20-3C7F-4221-84F7-27031028EC8F}.CodeAnalysisDebug|ARM64.Build.0 = Debug|x64
		{D0B75D20-3C7F-4221-84F7-27031028EC8F}.CodeAnalysisDebug|x64.ActiveCfg = Debug|x64
		{D0B75D20-3C7F-4221-84F7-27031028EC8F}.CodeAnalysisDebug|x86.ActiveCfg = Debug|x64
		{D0B75D20-3C7F-4221-84F7-27031028EC8F}.Debug|Any CPU.ActiveCfg = Debug|x64
		{D0B75D20-3C7F-4221-84F7-27031028EC8F}.Debug|Any CPU.Build.0 = Debug|x64
		{D0B75D20-3C7F-4221-84F7-27031028EC8F}.Debug|ARM.ActiveCfg = Debug|x64
		{D0B75D20-3C7F-4221-84F7-27031028EC8F}.Debug|ARM.Build.0 = Debug|x64
		{D0B75D20-3C7F-4221-84F7-27031028EC8F}.Debug|ARM64.ActiveCfg = Debug|x64
		{D0B75D20-3C7F-4221-84F7-27031028EC8F}.Debug|ARM64.Build.0 = Debug|x64
		{D0B75D20-3C7F-4221-84F7-27031028EC8F}.Debug|x64.ActiveCfg = Debug|x64
		{D0B75D20-3C7F-4221-84F7-27031028EC8F}.Debug|x64.Build.0 = Debug|x64
		{D0B75D20-3C7F-4221-84F7-27031028EC8F}.Debug|x86.ActiveCfg = Debug|x64
		{D0B75D20-3C7F-4221-84F7-27031028EC8F}.Release|Any CPU.ActiveCfg = Release|x64
		{D0B75D20-3C7F-4221-84F7-27031028EC8F}.Release|ARM.ActiveCfg = Release|x64
		{D0B75D20-3C7F-4221-84F7-27031028EC8F}.Release|ARM.Build.0 = Release|x64
		{D0B75D20-3C7F-4221-84F7-27031028EC8F}.Release|ARM64.ActiveCfg = Release|x64
		{D0B75D20-3C7F-4221-84F7-27031028EC8F}.Release|ARM64.Build.0 = Release|x64
		{D0B75D20-3C7F-4221-84F7-27031028EC8F}.Release|x64.ActiveCfg = Release|x64
		{D0B75D20-3C7F-4221-84F7-27031028EC8F}.Release|x64.Build.0 = Release|x64
		{D0B75D20-3C7F-4221-84F7-27031028EC8F}.Release|x86.ActiveCfg = Release|x64
		{FB049E24-28F2-478E-92E8-D53B180B8646}.CodeAnalysisDebug|Any CPU.ActiveCfg = Debug|Any CPU
		{FB049E24-28F2-478E-92E8-D53B180B8646}.CodeAnalysisDebug|Any CPU.Build.0 = Debug|Any CPU
		{FB049E24-28F2-478E-92E8-D53B180B8646}.CodeAnalysisDebug|ARM.ActiveCfg = Debug|Any CPU
		{FB049E24-28F2-478E-92E8-D53B180B8646}.CodeAnalysisDebug|ARM.Build.0 = Debug|Any CPU
		{FB049E24-28F2-478E-92E8-D53B180B8646}.CodeAnalysisDebug|ARM64.ActiveCfg = Debug|Any CPU
		{FB049E24-28F2-478E-92E8-D53B180B8646}.CodeAnalysisDebug|ARM64.Build.0 = Debug|Any CPU
		{FB049E24-28F2-478E-92E8-D53B180B8646}.CodeAnalysisDebug|x64.ActiveCfg = Debug|Any CPU
		{FB049E24-28F2-478E-92E8-D53B180B8646}.CodeAnalysisDebug|x64.Build.0 = Debug|Any CPU
		{FB049E24-28F2-478E-92E8-D53B180B8646}.CodeAnalysisDebug|x86.ActiveCfg = Debug|Any CPU
		{FB049E24-28F2-478E-92E8-D53B180B8646}.CodeAnalysisDebug|x86.Build.0 = Debug|Any CPU
		{FB049E24-28F2-478E-92E8-D53B180B8646}.Debug|Any CPU.ActiveCfg = Debug|Any CPU
		{FB049E24-28F2-478E-92E8-D53B180B8646}.Debug|Any CPU.Build.0 = Debug|Any CPU
		{FB049E24-28F2-478E-92E8-D53B180B8646}.Debug|ARM.ActiveCfg = Debug|Any CPU
		{FB049E24-28F2-478E-92E8-D53B180B8646}.Debug|ARM.Build.0 = Debug|Any CPU
		{FB049E24-28F2-478E-92E8-D53B180B8646}.Debug|ARM64.ActiveCfg = Debug|Any CPU
		{FB049E24-28F2-478E-92E8-D53B180B8646}.Debug|ARM64.Build.0 = Debug|Any CPU
		{FB049E24-28F2-478E-92E8-D53B180B8646}.Debug|x64.ActiveCfg = Debug|Any CPU
		{FB049E24-28F2-478E-92E8-D53B180B8646}.Debug|x64.Build.0 = Debug|Any CPU
		{FB049E24-28F2-478E-92E8-D53B180B8646}.Debug|x86.ActiveCfg = Debug|Any CPU
		{FB049E24-28F2-478E-92E8-D53B180B8646}.Debug|x86.Build.0 = Debug|Any CPU
		{FB049E24-28F2-478E-92E8-D53B180B8646}.Release|Any CPU.ActiveCfg = Release|Any CPU
		{FB049E24-28F2-478E-92E8-D53B180B8646}.Release|Any CPU.Build.0 = Release|Any CPU
		{FB049E24-28F2-478E-92E8-D53B180B8646}.Release|ARM.ActiveCfg = Release|Any CPU
		{FB049E24-28F2-478E-92E8-D53B180B8646}.Release|ARM.Build.0 = Release|Any CPU
		{FB049E24-28F2-478E-92E8-D53B180B8646}.Release|ARM64.ActiveCfg = Release|Any CPU
		{FB049E24-28F2-478E-92E8-D53B180B8646}.Release|ARM64.Build.0 = Release|Any CPU
		{FB049E24-28F2-478E-92E8-D53B180B8646}.Release|x64.ActiveCfg = Release|Any CPU
		{FB049E24-28F2-478E-92E8-D53B180B8646}.Release|x64.Build.0 = Release|Any CPU
		{FB049E24-28F2-478E-92E8-D53B180B8646}.Release|x86.ActiveCfg = Release|Any CPU
		{FB049E24-28F2-478E-92E8-D53B180B8646}.Release|x86.Build.0 = Release|Any CPU
		{4B35B1BE-4963-4033-8F02-D7DB0C91190D}.CodeAnalysisDebug|Any CPU.ActiveCfg = Debug|x64
		{4B35B1BE-4963-4033-8F02-D7DB0C91190D}.CodeAnalysisDebug|ARM.ActiveCfg = Debug|x64
		{4B35B1BE-4963-4033-8F02-D7DB0C91190D}.CodeAnalysisDebug|ARM.Build.0 = Debug|x64
		{4B35B1BE-4963-4033-8F02-D7DB0C91190D}.CodeAnalysisDebug|ARM64.ActiveCfg = Debug|x64
		{4B35B1BE-4963-4033-8F02-D7DB0C91190D}.CodeAnalysisDebug|ARM64.Build.0 = Debug|x64
		{4B35B1BE-4963-4033-8F02-D7DB0C91190D}.CodeAnalysisDebug|x64.ActiveCfg = Debug|x64
		{4B35B1BE-4963-4033-8F02-D7DB0C91190D}.CodeAnalysisDebug|x86.ActiveCfg = Debug|x64
		{4B35B1BE-4963-4033-8F02-D7DB0C91190D}.Debug|Any CPU.ActiveCfg = Debug|x64
		{4B35B1BE-4963-4033-8F02-D7DB0C91190D}.Debug|ARM.ActiveCfg = Debug|x64
		{4B35B1BE-4963-4033-8F02-D7DB0C91190D}.Debug|ARM.Build.0 = Debug|x64
		{4B35B1BE-4963-4033-8F02-D7DB0C91190D}.Debug|ARM64.ActiveCfg = Debug|x64
		{4B35B1BE-4963-4033-8F02-D7DB0C91190D}.Debug|ARM64.Build.0 = Debug|x64
		{4B35B1BE-4963-4033-8F02-D7DB0C91190D}.Debug|x64.ActiveCfg = Debug|x64
		{4B35B1BE-4963-4033-8F02-D7DB0C91190D}.Debug|x64.Build.0 = Debug|x64
		{4B35B1BE-4963-4033-8F02-D7DB0C91190D}.Debug|x86.ActiveCfg = Debug|x64
		{4B35B1BE-4963-4033-8F02-D7DB0C91190D}.Release|Any CPU.ActiveCfg = Release|x64
		{4B35B1BE-4963-4033-8F02-D7DB0C91190D}.Release|ARM.ActiveCfg = Release|x64
		{4B35B1BE-4963-4033-8F02-D7DB0C91190D}.Release|ARM.Build.0 = Release|x64
		{4B35B1BE-4963-4033-8F02-D7DB0C91190D}.Release|ARM64.ActiveCfg = Release|x64
		{4B35B1BE-4963-4033-8F02-D7DB0C91190D}.Release|ARM64.Build.0 = Release|x64
		{4B35B1BE-4963-4033-8F02-D7DB0C91190D}.Release|x64.ActiveCfg = Release|x64
		{4B35B1BE-4963-4033-8F02-D7DB0C91190D}.Release|x64.Build.0 = Release|x64
		{4B35B1BE-4963-4033-8F02-D7DB0C91190D}.Release|x86.ActiveCfg = Release|x64
		{79EEB024-C8EB-4185-BFE7-6A9F11D867C5}.CodeAnalysisDebug|Any CPU.ActiveCfg = Debug|Any CPU
		{79EEB024-C8EB-4185-BFE7-6A9F11D867C5}.CodeAnalysisDebug|Any CPU.Build.0 = Debug|Any CPU
		{79EEB024-C8EB-4185-BFE7-6A9F11D867C5}.CodeAnalysisDebug|ARM.ActiveCfg = Debug|Any CPU
		{79EEB024-C8EB-4185-BFE7-6A9F11D867C5}.CodeAnalysisDebug|ARM.Build.0 = Debug|Any CPU
		{79EEB024-C8EB-4185-BFE7-6A9F11D867C5}.CodeAnalysisDebug|ARM64.ActiveCfg = Debug|Any CPU
		{79EEB024-C8EB-4185-BFE7-6A9F11D867C5}.CodeAnalysisDebug|ARM64.Build.0 = Debug|Any CPU
		{79EEB024-C8EB-4185-BFE7-6A9F11D867C5}.CodeAnalysisDebug|x64.ActiveCfg = Debug|Any CPU
		{79EEB024-C8EB-4185-BFE7-6A9F11D867C5}.CodeAnalysisDebug|x64.Build.0 = Debug|Any CPU
		{79EEB024-C8EB-4185-BFE7-6A9F11D867C5}.CodeAnalysisDebug|x86.ActiveCfg = Debug|Any CPU
		{79EEB024-C8EB-4185-BFE7-6A9F11D867C5}.CodeAnalysisDebug|x86.Build.0 = Debug|Any CPU
		{79EEB024-C8EB-4185-BFE7-6A9F11D867C5}.Debug|Any CPU.ActiveCfg = Debug|Any CPU
		{79EEB024-C8EB-4185-BFE7-6A9F11D867C5}.Debug|Any CPU.Build.0 = Debug|Any CPU
		{79EEB024-C8EB-4185-BFE7-6A9F11D867C5}.Debug|ARM.ActiveCfg = Debug|Any CPU
		{79EEB024-C8EB-4185-BFE7-6A9F11D867C5}.Debug|ARM.Build.0 = Debug|Any CPU
		{79EEB024-C8EB-4185-BFE7-6A9F11D867C5}.Debug|ARM64.ActiveCfg = Debug|Any CPU
		{79EEB024-C8EB-4185-BFE7-6A9F11D867C5}.Debug|ARM64.Build.0 = Debug|Any CPU
		{79EEB024-C8EB-4185-BFE7-6A9F11D867C5}.Debug|x64.ActiveCfg = Debug|Any CPU
		{79EEB024-C8EB-4185-BFE7-6A9F11D867C5}.Debug|x64.Build.0 = Debug|Any CPU
		{79EEB024-C8EB-4185-BFE7-6A9F11D867C5}.Debug|x86.ActiveCfg = Debug|Any CPU
		{79EEB024-C8EB-4185-BFE7-6A9F11D867C5}.Debug|x86.Build.0 = Debug|Any CPU
		{79EEB024-C8EB-4185-BFE7-6A9F11D867C5}.Release|Any CPU.ActiveCfg = Release|Any CPU
		{79EEB024-C8EB-4185-BFE7-6A9F11D867C5}.Release|Any CPU.Build.0 = Release|Any CPU
		{79EEB024-C8EB-4185-BFE7-6A9F11D867C5}.Release|ARM.ActiveCfg = Release|Any CPU
		{79EEB024-C8EB-4185-BFE7-6A9F11D867C5}.Release|ARM.Build.0 = Release|Any CPU
		{79EEB024-C8EB-4185-BFE7-6A9F11D867C5}.Release|ARM64.ActiveCfg = Release|Any CPU
		{79EEB024-C8EB-4185-BFE7-6A9F11D867C5}.Release|ARM64.Build.0 = Release|Any CPU
		{79EEB024-C8EB-4185-BFE7-6A9F11D867C5}.Release|x64.ActiveCfg = Release|Any CPU
		{79EEB024-C8EB-4185-BFE7-6A9F11D867C5}.Release|x64.Build.0 = Release|Any CPU
		{79EEB024-C8EB-4185-BFE7-6A9F11D867C5}.Release|x86.ActiveCfg = Release|Any CPU
		{79EEB024-C8EB-4185-BFE7-6A9F11D867C5}.Release|x86.Build.0 = Release|Any CPU
		{D853CA2B-AA77-4819-AEF4-0DA324BD3A65}.CodeAnalysisDebug|Any CPU.ActiveCfg = Debug|x64
		{D853CA2B-AA77-4819-AEF4-0DA324BD3A65}.CodeAnalysisDebug|ARM.ActiveCfg = Debug|x64
		{D853CA2B-AA77-4819-AEF4-0DA324BD3A65}.CodeAnalysisDebug|ARM.Build.0 = Debug|x64
		{D853CA2B-AA77-4819-AEF4-0DA324BD3A65}.CodeAnalysisDebug|ARM64.ActiveCfg = Debug|x64
		{D853CA2B-AA77-4819-AEF4-0DA324BD3A65}.CodeAnalysisDebug|ARM64.Build.0 = Debug|x64
		{D853CA2B-AA77-4819-AEF4-0DA324BD3A65}.CodeAnalysisDebug|x64.ActiveCfg = Debug|x64
		{D853CA2B-AA77-4819-AEF4-0DA324BD3A65}.CodeAnalysisDebug|x86.ActiveCfg = Debug|x64
		{D853CA2B-AA77-4819-AEF4-0DA324BD3A65}.Debug|Any CPU.ActiveCfg = Debug|x64
		{D853CA2B-AA77-4819-AEF4-0DA324BD3A65}.Debug|ARM.ActiveCfg = Debug|x64
		{D853CA2B-AA77-4819-AEF4-0DA324BD3A65}.Debug|ARM.Build.0 = Debug|x64
		{D853CA2B-AA77-4819-AEF4-0DA324BD3A65}.Debug|ARM64.ActiveCfg = Debug|x64
		{D853CA2B-AA77-4819-AEF4-0DA324BD3A65}.Debug|ARM64.Build.0 = Debug|x64
		{D853CA2B-AA77-4819-AEF4-0DA324BD3A65}.Debug|x64.ActiveCfg = Debug|x64
		{D853CA2B-AA77-4819-AEF4-0DA324BD3A65}.Debug|x64.Build.0 = Debug|x64
		{D853CA2B-AA77-4819-AEF4-0DA324BD3A65}.Debug|x86.ActiveCfg = Debug|x64
		{D853CA2B-AA77-4819-AEF4-0DA324BD3A65}.Release|Any CPU.ActiveCfg = Release|x64
		{D853CA2B-AA77-4819-AEF4-0DA324BD3A65}.Release|ARM.ActiveCfg = Release|x64
		{D853CA2B-AA77-4819-AEF4-0DA324BD3A65}.Release|ARM.Build.0 = Release|x64
		{D853CA2B-AA77-4819-AEF4-0DA324BD3A65}.Release|ARM64.ActiveCfg = Release|x64
		{D853CA2B-AA77-4819-AEF4-0DA324BD3A65}.Release|ARM64.Build.0 = Release|x64
		{D853CA2B-AA77-4819-AEF4-0DA324BD3A65}.Release|x64.ActiveCfg = Release|x64
		{D853CA2B-AA77-4819-AEF4-0DA324BD3A65}.Release|x64.Build.0 = Release|x64
		{D853CA2B-AA77-4819-AEF4-0DA324BD3A65}.Release|x86.ActiveCfg = Release|x64
		{B9888DEB-98DB-4583-8528-649F560B7692}.CodeAnalysisDebug|Any CPU.ActiveCfg = Debug|Any CPU
		{B9888DEB-98DB-4583-8528-649F560B7692}.CodeAnalysisDebug|Any CPU.Build.0 = Debug|Any CPU
		{B9888DEB-98DB-4583-8528-649F560B7692}.CodeAnalysisDebug|Any CPU.Deploy.0 = Debug|Any CPU
		{B9888DEB-98DB-4583-8528-649F560B7692}.CodeAnalysisDebug|ARM.ActiveCfg = Debug|ARM
		{B9888DEB-98DB-4583-8528-649F560B7692}.CodeAnalysisDebug|ARM.Build.0 = Debug|ARM
		{B9888DEB-98DB-4583-8528-649F560B7692}.CodeAnalysisDebug|ARM.Deploy.0 = Debug|ARM
		{B9888DEB-98DB-4583-8528-649F560B7692}.CodeAnalysisDebug|ARM64.ActiveCfg = Debug|ARM64
		{B9888DEB-98DB-4583-8528-649F560B7692}.CodeAnalysisDebug|ARM64.Build.0 = Debug|ARM64
		{B9888DEB-98DB-4583-8528-649F560B7692}.CodeAnalysisDebug|ARM64.Deploy.0 = Debug|ARM64
		{B9888DEB-98DB-4583-8528-649F560B7692}.CodeAnalysisDebug|x64.ActiveCfg = Debug|x64
		{B9888DEB-98DB-4583-8528-649F560B7692}.CodeAnalysisDebug|x64.Build.0 = Debug|x64
		{B9888DEB-98DB-4583-8528-649F560B7692}.CodeAnalysisDebug|x64.Deploy.0 = Debug|x64
		{B9888DEB-98DB-4583-8528-649F560B7692}.CodeAnalysisDebug|x86.ActiveCfg = Debug|x86
		{B9888DEB-98DB-4583-8528-649F560B7692}.CodeAnalysisDebug|x86.Build.0 = Debug|x86
		{B9888DEB-98DB-4583-8528-649F560B7692}.CodeAnalysisDebug|x86.Deploy.0 = Debug|x86
		{B9888DEB-98DB-4583-8528-649F560B7692}.Debug|Any CPU.ActiveCfg = Debug|Any CPU
		{B9888DEB-98DB-4583-8528-649F560B7692}.Debug|Any CPU.Build.0 = Debug|Any CPU
		{B9888DEB-98DB-4583-8528-649F560B7692}.Debug|Any CPU.Deploy.0 = Debug|Any CPU
		{B9888DEB-98DB-4583-8528-649F560B7692}.Debug|ARM.ActiveCfg = Debug|ARM
		{B9888DEB-98DB-4583-8528-649F560B7692}.Debug|ARM.Build.0 = Debug|ARM
		{B9888DEB-98DB-4583-8528-649F560B7692}.Debug|ARM.Deploy.0 = Debug|ARM
		{B9888DEB-98DB-4583-8528-649F560B7692}.Debug|ARM64.ActiveCfg = Debug|ARM64
		{B9888DEB-98DB-4583-8528-649F560B7692}.Debug|ARM64.Build.0 = Debug|ARM64
		{B9888DEB-98DB-4583-8528-649F560B7692}.Debug|ARM64.Deploy.0 = Debug|ARM64
		{B9888DEB-98DB-4583-8528-649F560B7692}.Debug|x64.ActiveCfg = Debug|x64
		{B9888DEB-98DB-4583-8528-649F560B7692}.Debug|x64.Build.0 = Debug|x64
		{B9888DEB-98DB-4583-8528-649F560B7692}.Debug|x64.Deploy.0 = Debug|x64
		{B9888DEB-98DB-4583-8528-649F560B7692}.Debug|x86.ActiveCfg = Debug|x86
		{B9888DEB-98DB-4583-8528-649F560B7692}.Debug|x86.Build.0 = Debug|x86
		{B9888DEB-98DB-4583-8528-649F560B7692}.Debug|x86.Deploy.0 = Debug|x86
		{B9888DEB-98DB-4583-8528-649F560B7692}.Release|Any CPU.ActiveCfg = Release|Any CPU
		{B9888DEB-98DB-4583-8528-649F560B7692}.Release|Any CPU.Build.0 = Release|Any CPU
		{B9888DEB-98DB-4583-8528-649F560B7692}.Release|Any CPU.Deploy.0 = Release|Any CPU
		{B9888DEB-98DB-4583-8528-649F560B7692}.Release|ARM.ActiveCfg = Release|ARM
		{B9888DEB-98DB-4583-8528-649F560B7692}.Release|ARM.Build.0 = Release|ARM
		{B9888DEB-98DB-4583-8528-649F560B7692}.Release|ARM.Deploy.0 = Release|ARM
		{B9888DEB-98DB-4583-8528-649F560B7692}.Release|ARM64.ActiveCfg = Release|ARM64
		{B9888DEB-98DB-4583-8528-649F560B7692}.Release|ARM64.Build.0 = Release|ARM64
		{B9888DEB-98DB-4583-8528-649F560B7692}.Release|ARM64.Deploy.0 = Release|ARM64
		{B9888DEB-98DB-4583-8528-649F560B7692}.Release|x64.ActiveCfg = Release|x64
		{B9888DEB-98DB-4583-8528-649F560B7692}.Release|x64.Build.0 = Release|x64
		{B9888DEB-98DB-4583-8528-649F560B7692}.Release|x64.Deploy.0 = Release|x64
		{B9888DEB-98DB-4583-8528-649F560B7692}.Release|x86.ActiveCfg = Release|x86
		{B9888DEB-98DB-4583-8528-649F560B7692}.Release|x86.Build.0 = Release|x86
		{B9888DEB-98DB-4583-8528-649F560B7692}.Release|x86.Deploy.0 = Release|x86
		{2836F335-6291-4D6C-A923-9E14EE8DF17A}.CodeAnalysisDebug|Any CPU.ActiveCfg = Debug|x64
		{2836F335-6291-4D6C-A923-9E14EE8DF17A}.CodeAnalysisDebug|Any CPU.Build.0 = Debug|x64
		{2836F335-6291-4D6C-A923-9E14EE8DF17A}.CodeAnalysisDebug|ARM.ActiveCfg = Debug|x64
		{2836F335-6291-4D6C-A923-9E14EE8DF17A}.CodeAnalysisDebug|ARM.Build.0 = Debug|x64
		{2836F335-6291-4D6C-A923-9E14EE8DF17A}.CodeAnalysisDebug|ARM64.ActiveCfg = Debug|x64
		{2836F335-6291-4D6C-A923-9E14EE8DF17A}.CodeAnalysisDebug|ARM64.Build.0 = Debug|x64
		{2836F335-6291-4D6C-A923-9E14EE8DF17A}.CodeAnalysisDebug|x64.ActiveCfg = Debug|x64
		{2836F335-6291-4D6C-A923-9E14EE8DF17A}.CodeAnalysisDebug|x64.Build.0 = Debug|x64
		{2836F335-6291-4D6C-A923-9E14EE8DF17A}.CodeAnalysisDebug|x86.ActiveCfg = Debug|x64
		{2836F335-6291-4D6C-A923-9E14EE8DF17A}.CodeAnalysisDebug|x86.Build.0 = Debug|x64
		{2836F335-6291-4D6C-A923-9E14EE8DF17A}.Debug|Any CPU.ActiveCfg = Debug|x64
		{2836F335-6291-4D6C-A923-9E14EE8DF17A}.Debug|Any CPU.Build.0 = Debug|x64
		{2836F335-6291-4D6C-A923-9E14EE8DF17A}.Debug|ARM.ActiveCfg = Debug|x64
		{2836F335-6291-4D6C-A923-9E14EE8DF17A}.Debug|ARM.Build.0 = Debug|x64
		{2836F335-6291-4D6C-A923-9E14EE8DF17A}.Debug|ARM64.ActiveCfg = Debug|x64
		{2836F335-6291-4D6C-A923-9E14EE8DF17A}.Debug|ARM64.Build.0 = Debug|x64
		{2836F335-6291-4D6C-A923-9E14EE8DF17A}.Debug|x64.ActiveCfg = Debug|x64
		{2836F335-6291-4D6C-A923-9E14EE8DF17A}.Debug|x64.Build.0 = Debug|x64
		{2836F335-6291-4D6C-A923-9E14EE8DF17A}.Debug|x86.ActiveCfg = Debug|x64
		{2836F335-6291-4D6C-A923-9E14EE8DF17A}.Debug|x86.Build.0 = Debug|x64
		{2836F335-6291-4D6C-A923-9E14EE8DF17A}.Release|Any CPU.ActiveCfg = Release|x64
		{2836F335-6291-4D6C-A923-9E14EE8DF17A}.Release|Any CPU.Build.0 = Release|x64
		{2836F335-6291-4D6C-A923-9E14EE8DF17A}.Release|ARM.ActiveCfg = Release|x64
		{2836F335-6291-4D6C-A923-9E14EE8DF17A}.Release|ARM.Build.0 = Release|x64
		{2836F335-6291-4D6C-A923-9E14EE8DF17A}.Release|ARM64.ActiveCfg = Release|x64
		{2836F335-6291-4D6C-A923-9E14EE8DF17A}.Release|ARM64.Build.0 = Release|x64
		{2836F335-6291-4D6C-A923-9E14EE8DF17A}.Release|x64.ActiveCfg = Release|x64
		{2836F335-6291-4D6C-A923-9E14EE8DF17A}.Release|x64.Build.0 = Release|x64
		{2836F335-6291-4D6C-A923-9E14EE8DF17A}.Release|x86.ActiveCfg = Release|x64
		{2836F335-6291-4D6C-A923-9E14EE8DF17A}.Release|x86.Build.0 = Release|x64
	EndGlobalSection
	GlobalSection(SolutionProperties) = preSolution
		HideSolutionNode = FALSE
	EndGlobalSection
	GlobalSection(ExtensibilityGlobals) = postSolution
		SolutionGuid = {0C30C081-2A2B-4531-A3CA-9F1FA4452E16}
	EndGlobalSection
EndGlobal
